{
    "_readme": [
        "This file locks the dependencies of your project to a known state",
        "Read more about it at http://getcomposer.org/doc/01-basic-usage.md#composer-lock-the-lock-file",
        "This file is @generated automatically"
    ],
    "hash": "2b2ca857bbc2bfb05d871cdab0ac92c8",
    "packages": [
        {
            "name": "simonjodet/gumdrop",
            "version": "1.4.x-dev",
            "source": {
                "type": "git",
                "url": "https://github.com/jubianchi/gumdrop.git",
                "reference": "915013a4af897624cf0ee792a490c1858b3a964f"
            },
            "dist": {
                "type": "zip",
                "url": "https://api.github.com/repos/jubianchi/gumdrop/zipball/915013a4af897624cf0ee792a490c1858b3a964f",
                "reference": "915013a4af897624cf0ee792a490c1858b3a964f",
                "shasum": ""
            },
            "require": {
                "php": ">=5.3.3",
                "simonjodet/markdown": "1.0.*",
                "simonjodet/twig": "1.11.*",
                "symfony/console": "2.1.*"
            },
            "require-dev": {
                "behat/behat": "2.4.*@stable",
                "mockery/mockery": "dev-master",
                "simonjodet/fstesthelper": "2.*"
            },
            "bin": [
                "bin/gumdrop"
            ],
            "type": "library",
            "autoload": {
                "psr-0": {
                    "Gumdrop": "."
                }
            },
            "scripts": {
                "post-update-cmd": [
                    "php gumdrop.php install"
                ],
                "post-install-cmd": [
                    "php gumdrop.php install"
                ]
            },
            "license": [
                "MIT"
            ],
            "authors": [
                {
                    "name": "Simon Jodet",
                    "email": "simon@jodet.com"
                }
            ],
            "description": "Gumdrop is a static website generator converting Markdown files and using the Twig templating engine.",
            "keywords": [
                "generator",
                "markdown",
                "twig"
            ],
            "support": {
                "source": "https://github.com/jubianchi/gumdrop/tree/1.4"
            },
            "time": "2014-08-01 23:05:47"
        },
        {
            "name": "simonjodet/markdown",
            "version": "v1.0.2",
            "source": {
                "type": "git",
                "url": "https://github.com/simonjodet/dflydev-markdown",
                "reference": "v1.0.2"
            },
            "dist": {
                "type": "zip",
                "url": "https://github.com/simonjodet/dflydev-markdown/zipball/v1.0.2",
                "reference": "v1.0.2",
                "shasum": ""
            },
            "require": {
                "php": ">=5.3"
            },
            "type": "library",
            "autoload": {
                "psr-0": {
                    "dflydev\\markdown": "src"
                }
            },
            "notification-url": "https://packagist.org/downloads/",
            "license": [
                "New BSD License"
            ],
            "authors": [
                {
                    "name": "Dragonfly Development Inc.",
                    "email": "info@dflydev.com",
                    "homepage": "http://dflydev.com"
                },
                {
                    "name": "Beau Simensen",
                    "email": "beau@dflydev.com",
                    "homepage": "http://beausimensen.com"
                },
                {
                    "name": "Michel Fortin",
                    "homepage": "http://michelf.com"
                },
                {
                    "name": "John Gruber",
                    "homepage": "http://daringfireball.net"
                }
            ],
            "description": "PHP Markdown & Extra",
            "homepage": "http://github.com/dflydev/dflydev-markdown",
            "keywords": [
                "markdown"
            ],
            "time": "2012-01-15 19:36:37"
        },
        {
            "name": "simonjodet/twig",
            "version": "v1.11.1",
            "source": {
                "type": "git",
                "url": "https://github.com/simonjodet/Twig",
                "reference": "v1.11.1"
            },
            "dist": {
                "type": "zip",
                "url": "https://github.com/simonjodet/Twig/archive/v1.11.1.zip",
                "reference": "v1.11.1",
                "shasum": ""
            },
            "require": {
                "php": ">=5.2.4"
            },
            "type": "library",
            "extra": {
                "branch-alias": {
                    "dev-master": "1.11-dev"
                }
            },
            "autoload": {
                "psr-0": {
                    "Twig_": "lib/"
                }
            },
            "notification-url": "https://packagist.org/downloads/",
            "license": [
                "BSD-3"
            ],
            "authors": [
                {
                    "name": "Fabien Potencier",
                    "email": "fabien@symfony.com"
                },
                {
                    "name": "Armin Ronacher",
                    "email": "armin.ronacher@active-4.com"
                }
            ],
            "description": "Twig, the flexible, fast, and secure template language for PHP",
            "homepage": "http://twig.sensiolabs.org",
            "keywords": [
                "templating"
            ],
            "time": "2012-11-11 17:17:59"
        },
        {
            "name": "symfony/console",
            "version": "v2.1.13",
            "target-dir": "Symfony/Component/Console",
            "source": {
                "type": "git",
                "url": "https://github.com/symfony/Console.git",
                "reference": "a5e96b2363aca8a5400fec3bbcb3201a4b0513fb"
            },
            "dist": {
                "type": "zip",
                "url": "https://api.github.com/repos/symfony/Console/zipball/a5e96b2363aca8a5400fec3bbcb3201a4b0513fb",
                "reference": "a5e96b2363aca8a5400fec3bbcb3201a4b0513fb",
                "shasum": ""
            },
            "require": {
                "php": ">=5.3.3"
            },
            "type": "library",
            "autoload": {
                "psr-0": {
                    "Symfony\\Component\\Console": ""
                }
            },
            "notification-url": "https://packagist.org/downloads/",
            "license": [
                "MIT"
            ],
            "authors": [
                {
                    "name": "Fabien Potencier",
                    "email": "fabien@symfony.com"
                },
                {
                    "name": "Symfony Community",
                    "homepage": "http://symfony.com/contributors"
                }
            ],
            "description": "Symfony Console Component",
            "homepage": "http://symfony.com",
            "time": "2013-06-11 07:34:22"
        }
    ],
    "packages-dev": [],
    "aliases": [],
    "minimum-stability": "stable",
    "stability-flags": {
        "simonjodet/gumdrop": 20
    },
    "prefer-stable": false,
    "platform": [],
    "platform-dev": []
}
